// !$*UTF8*$!
{
	archiveVersion = 1;
	classes = {
	};
	objectVersion = 56;
	objects = {

/* Begin PBXBuildFile section */
		2B12FF1F9B5A6E491FCD6DC7 /* Pods_TodoList.framework in Frameworks */ = {isa = PBXBuildFile; fileRef = 8DB7B200849FE7B35F12FE94 /* Pods_TodoList.framework */; };
		7E1C4D33297DB46E0014C273 /* AppDelegate.swift in Sources */ = {isa = PBXBuildFile; fileRef = 7E1C4D32297DB46E0014C273 /* AppDelegate.swift */; };
		7E1C4D37297DB46E0014C273 /* SignUpVC.swift in Sources */ = {isa = PBXBuildFile; fileRef = 7E1C4D36297DB46E0014C273 /* SignUpVC.swift */; };
		7E1C4D3A297DB46E0014C273 /* Main.storyboard in Resources */ = {isa = PBXBuildFile; fileRef = 7E1C4D38297DB46E0014C273 /* Main.storyboard */; };
		7E1C4D3C297DB4700014C273 /* Assets.xcassets in Resources */ = {isa = PBXBuildFile; fileRef = 7E1C4D3B297DB4700014C273 /* Assets.xcassets */; };
		7E1C4D3F297DB4700014C273 /* LaunchScreen.storyboard in Resources */ = {isa = PBXBuildFile; fileRef = 7E1C4D3D297DB4700014C273 /* LaunchScreen.storyboard */; };
		7E1C4D52297DB9D90014C273 /* Todo.swift in Sources */ = {isa = PBXBuildFile; fileRef = 7E1C4D51297DB9D90014C273 /* Todo.swift */; };
		7E6A772C2982F07C0075D58A /* UITextField + addBottomBorder.swift in Sources */ = {isa = PBXBuildFile; fileRef = 7E6A772B2982F07C0075D58A /* UITextField + addBottomBorder.swift */; };
		7E721CA9297F11E900F44D06 /* UIViewController + BackgroundStatusBar.swift in Sources */ = {isa = PBXBuildFile; fileRef = 7E721CA8297F11E900F44D06 /* UIViewController + BackgroundStatusBar.swift */; };
		7E792B7C2989623700C9098D /* ToDoCell.swift in Sources */ = {isa = PBXBuildFile; fileRef = 7E792B7A2989623700C9098D /* ToDoCell.swift */; };
		7E792B7D2989623700C9098D /* ToDoCell.xib in Resources */ = {isa = PBXBuildFile; fileRef = 7E792B7B2989623700C9098D /* ToDoCell.xib */; };
		7E7F3EFE297EE95000AC706E /* GoogleService-Info.plist in Resources */ = {isa = PBXBuildFile; fileRef = 7E7F3EFD297EE95000AC706E /* GoogleService-Info.plist */; };
		7E89A64D29882C8B003B630E /* ToDoFirebaseManager.swift in Sources */ = {isa = PBXBuildFile; fileRef = 7E89A64C29882C8B003B630E /* ToDoFirebaseManager.swift */; };
		7E89A64F29883C00003B630E /* UIView + ShowIndicator.swift in Sources */ = {isa = PBXBuildFile; fileRef = 7E89A64E29883C00003B630E /* UIView + ShowIndicator.swift */; };
		7E93127F298594EC00A5538C /* ToDoListsVC.swift in Sources */ = {isa = PBXBuildFile; fileRef = 7E93127E298594EC00A5538C /* ToDoListsVC.swift */; };
		7E9312812985A96D00A5538C /* AddToDoVC.swift in Sources */ = {isa = PBXBuildFile; fileRef = 7E9312802985A96D00A5538C /* AddToDoVC.swift */; };
		7EEE56D3298431C100519ABC /* UserFireBaseManager.swift in Sources */ = {isa = PBXBuildFile; fileRef = 7EEE56D2298431C100519ABC /* UserFireBaseManager.swift */; };
		7EEE56D52984322800519ABC /* ValidtionDataManager.swift in Sources */ = {isa = PBXBuildFile; fileRef = 7EEE56D42984322800519ABC /* ValidtionDataManager.swift */; };
		7EEE56D729843B9000519ABC /* UIViewController + Alert.swift in Sources */ = {isa = PBXBuildFile; fileRef = 7EEE56D629843B9000519ABC /* UIViewController + Alert.swift */; };
		7EEE56D929843C0E00519ABC /* Constants.swift in Sources */ = {isa = PBXBuildFile; fileRef = 7EEE56D829843C0E00519ABC /* Constants.swift */; };
		7EEE56DB298447FD00519ABC /* SignInVC.swift in Sources */ = {isa = PBXBuildFile; fileRef = 7EEE56DA298447FD00519ABC /* SignInVC.swift */; };
/* End PBXBuildFile section */

/* Begin PBXFileReference section */
		7E1C4D2F297DB46E0014C273 /* TodoList.app */ = {isa = PBXFileReference; explicitFileType = wrapper.application; includeInIndex = 0; path = TodoList.app; sourceTree = BUILT_PRODUCTS_DIR; };
		7E1C4D32297DB46E0014C273 /* AppDelegate.swift */ = {isa = PBXFileReference; lastKnownFileType = sourcecode.swift; path = AppDelegate.swift; sourceTree = "<group>"; };
		7E1C4D36297DB46E0014C273 /* SignUpVC.swift */ = {isa = PBXFileReference; lastKnownFileType = sourcecode.swift; path = SignUpVC.swift; sourceTree = "<group>"; };
		7E1C4D39297DB46E0014C273 /* Base */ = {isa = PBXFileReference; lastKnownFileType = file.storyboard; name = Base; path = Base.lproj/Main.storyboard; sourceTree = "<group>"; };
		7E1C4D3B297DB4700014C273 /* Assets.xcassets */ = {isa = PBXFileReference; lastKnownFileType = folder.assetcatalog; path = Assets.xcassets; sourceTree = "<group>"; };
		7E1C4D3E297DB4700014C273 /* Base */ = {isa = PBXFileReference; lastKnownFileType = file.storyboard; name = Base; path = Base.lproj/LaunchScreen.storyboard; sourceTree = "<group>"; };
		7E1C4D40297DB4700014C273 /* Info.plist */ = {isa = PBXFileReference; lastKnownFileType = text.plist.xml; path = Info.plist; sourceTree = "<group>"; };
		7E1C4D51297DB9D90014C273 /* Todo.swift */ = {isa = PBXFileReference; lastKnownFileType = sourcecode.swift; path = Todo.swift; sourceTree = "<group>"; };
		7E6A772B2982F07C0075D58A /* UITextField + addBottomBorder.swift */ = {isa = PBXFileReference; lastKnownFileType = sourcecode.swift; path = "UITextField + addBottomBorder.swift"; sourceTree = "<group>"; };
		7E721CA8297F11E900F44D06 /* UIViewController + BackgroundStatusBar.swift */ = {isa = PBXFileReference; lastKnownFileType = sourcecode.swift; path = "UIViewController + BackgroundStatusBar.swift"; sourceTree = "<group>"; };
		7E792B7A2989623700C9098D /* ToDoCell.swift */ = {isa = PBXFileReference; lastKnownFileType = sourcecode.swift; path = ToDoCell.swift; sourceTree = "<group>"; };
		7E792B7B2989623700C9098D /* ToDoCell.xib */ = {isa = PBXFileReference; lastKnownFileType = file.xib; path = ToDoCell.xib; sourceTree = "<group>"; };
		7E7F3EFD297EE95000AC706E /* GoogleService-Info.plist */ = {isa = PBXFileReference; fileEncoding = 4; lastKnownFileType = text.plist.xml; path = "GoogleService-Info.plist"; sourceTree = "<group>"; };
		7E89A64C29882C8B003B630E /* ToDoFirebaseManager.swift */ = {isa = PBXFileReference; lastKnownFileType = sourcecode.swift; path = ToDoFirebaseManager.swift; sourceTree = "<group>"; };
		7E89A64E29883C00003B630E /* UIView + ShowIndicator.swift */ = {isa = PBXFileReference; fileEncoding = 4; lastKnownFileType = sourcecode.swift; path = "UIView + ShowIndicator.swift"; sourceTree = "<group>"; };
		7E93127E298594EC00A5538C /* ToDoListsVC.swift */ = {isa = PBXFileReference; lastKnownFileType = sourcecode.swift; path = ToDoListsVC.swift; sourceTree = "<group>"; };
		7E9312802985A96D00A5538C /* AddToDoVC.swift */ = {isa = PBXFileReference; lastKnownFileType = sourcecode.swift; path = AddToDoVC.swift; sourceTree = "<group>"; };
		7EEE56D2298431C100519ABC /* UserFireBaseManager.swift */ = {isa = PBXFileReference; fileEncoding = 4; lastKnownFileType = sourcecode.swift; path = UserFireBaseManager.swift; sourceTree = "<group>"; };
		7EEE56D42984322800519ABC /* ValidtionDataManager.swift */ = {isa = PBXFileReference; fileEncoding = 4; lastKnownFileType = sourcecode.swift; path = ValidtionDataManager.swift; sourceTree = "<group>"; };
		7EEE56D629843B9000519ABC /* UIViewController + Alert.swift */ = {isa = PBXFileReference; fileEncoding = 4; lastKnownFileType = sourcecode.swift; path = "UIViewController + Alert.swift"; sourceTree = "<group>"; };
		7EEE56D829843C0E00519ABC /* Constants.swift */ = {isa = PBXFileReference; fileEncoding = 4; lastKnownFileType = sourcecode.swift; path = Constants.swift; sourceTree = "<group>"; };
		7EEE56DA298447FD00519ABC /* SignInVC.swift */ = {isa = PBXFileReference; lastKnownFileType = sourcecode.swift; path = SignInVC.swift; sourceTree = "<group>"; };
		80FD84C32EFA7F3C8332D0C7 /* Pods-TodoList.debug.xcconfig */ = {isa = PBXFileReference; includeInIndex = 1; lastKnownFileType = text.xcconfig; name = "Pods-TodoList.debug.xcconfig"; path = "Target Support Files/Pods-TodoList/Pods-TodoList.debug.xcconfig"; sourceTree = "<group>"; };
		8DB7B200849FE7B35F12FE94 /* Pods_TodoList.framework */ = {isa = PBXFileReference; explicitFileType = wrapper.framework; includeInIndex = 0; path = Pods_TodoList.framework; sourceTree = BUILT_PRODUCTS_DIR; };
		FCF197553572AEFB2A47A33B /* Pods-TodoList.release.xcconfig */ = {isa = PBXFileReference; includeInIndex = 1; lastKnownFileType = text.xcconfig; name = "Pods-TodoList.release.xcconfig"; path = "Target Support Files/Pods-TodoList/Pods-TodoList.release.xcconfig"; sourceTree = "<group>"; };
/* End PBXFileReference section */

/* Begin PBXFrameworksBuildPhase section */
		7E1C4D2C297DB46E0014C273 /* Frameworks */ = {
			isa = PBXFrameworksBuildPhase;
			buildActionMask = 2147483647;
			files = (
				2B12FF1F9B5A6E491FCD6DC7 /* Pods_TodoList.framework in Frameworks */,
			);
			runOnlyForDeploymentPostprocessing = 0;
		};
/* End PBXFrameworksBuildPhase section */

/* Begin PBXGroup section */
		5735A7ADB9A410E3C168BFE3 /* Frameworks */ = {
			isa = PBXGroup;
			children = (
				8DB7B200849FE7B35F12FE94 /* Pods_TodoList.framework */,
			);
			name = Frameworks;
			sourceTree = "<group>";
		};
		7E1C4D26297DB46E0014C273 = {
			isa = PBXGroup;
			children = (
				7E1C4D31297DB46E0014C273 /* TodoList */,
				7E1C4D30297DB46E0014C273 /* Products */,
				AF5201F3BFB9CEA684C15B41 /* Pods */,
				5735A7ADB9A410E3C168BFE3 /* Frameworks */,
			);
			sourceTree = "<group>";
		};
		7E1C4D30297DB46E0014C273 /* Products */ = {
			isa = PBXGroup;
			children = (
				7E1C4D2F297DB46E0014C273 /* TodoList.app */,
			);
			name = Products;
			sourceTree = "<group>";
		};
		7E1C4D31297DB46E0014C273 /* TodoList */ = {
			isa = PBXGroup;
			children = (
				7E1C4D46297DB7640014C273 /* Shared */,
				7E1C4D4D297DB7E60014C273 /* Manager */,
				7E1C4D4C297DB7DC0014C273 /* Model */,
				7E1C4D4B297DB7CD0014C273 /* View */,
				7E1C4D47297DB77F0014C273 /* Controller */,
				7E1C4D4E297DB7F10014C273 /* Utilities */,
				7E721CA7297F11AA00F44D06 /* Extensions */,
				7E1C4D48297DB7950014C273 /* Resources */,
				7E1C4D40297DB4700014C273 /* Info.plist */,
				7E7F3EFD297EE95000AC706E /* GoogleService-Info.plist */,
			);
			path = TodoList;
			sourceTree = "<group>";
		};
		7E1C4D46297DB7640014C273 /* Shared */ = {
			isa = PBXGroup;
			children = (
				7E1C4D32297DB46E0014C273 /* AppDelegate.swift */,
			);
			path = Shared;
			sourceTree = "<group>";
		};
		7E1C4D47297DB77F0014C273 /* Controller */ = {
			isa = PBXGroup;
			children = (
				7E1C4D36297DB46E0014C273 /* SignUpVC.swift */,
				7EEE56DA298447FD00519ABC /* SignInVC.swift */,
				7E93127E298594EC00A5538C /* ToDoListsVC.swift */,
				7E9312802985A96D00A5538C /* AddToDoVC.swift */,
			);
			path = Controller;
			sourceTree = "<group>";
		};
		7E1C4D48297DB7950014C273 /* Resources */ = {
			isa = PBXGroup;
			children = (
				7E1C4D49297DB7A70014C273 /* Storyboards */,
				7E1C4D4A297DB7BA0014C273 /* Assets */,
			);
			path = Resources;
			sourceTree = "<group>";
		};
		7E1C4D49297DB7A70014C273 /* Storyboards */ = {
			isa = PBXGroup;
			children = (
				7E1C4D38297DB46E0014C273 /* Main.storyboard */,
				7E1C4D3D297DB4700014C273 /* LaunchScreen.storyboard */,
			);
			path = Storyboards;
			sourceTree = "<group>";
		};
		7E1C4D4A297DB7BA0014C273 /* Assets */ = {
			isa = PBXGroup;
			children = (
				7E1C4D3B297DB4700014C273 /* Assets.xcassets */,
			);
			path = Assets;
			sourceTree = "<group>";
		};
		7E1C4D4B297DB7CD0014C273 /* View */ = {
			isa = PBXGroup;
			children = (
				7E792B7A2989623700C9098D /* ToDoCell.swift */,
				7E792B7B2989623700C9098D /* ToDoCell.xib */,
			);
			path = View;
			sourceTree = "<group>";
		};
		7E1C4D4C297DB7DC0014C273 /* Model */ = {
			isa = PBXGroup;
			children = (
				7E1C4D51297DB9D90014C273 /* Todo.swift */,
			);
			path = Model;
			sourceTree = "<group>";
		};
		7E1C4D4D297DB7E60014C273 /* Manager */ = {
			isa = PBXGroup;
			children = (
				7EEE56D2298431C100519ABC /* UserFireBaseManager.swift */,
				7EEE56D42984322800519ABC /* ValidtionDataManager.swift */,
				7E89A64C29882C8B003B630E /* ToDoFirebaseManager.swift */,
			);
			path = Manager;
			sourceTree = "<group>";
		};
		7E1C4D4E297DB7F10014C273 /* Utilities */ = {
			isa = PBXGroup;
			children = (
				7EEE56D829843C0E00519ABC /* Constants.swift */,
			);
			path = Utilities;
			sourceTree = "<group>";
		};
		7E721CA7297F11AA00F44D06 /* Extensions */ = {
			isa = PBXGroup;
			children = (
				7E89A64E29883C00003B630E /* UIView + ShowIndicator.swift */,
				7EEE56D629843B9000519ABC /* UIViewController + Alert.swift */,
				7E721CA8297F11E900F44D06 /* UIViewController + BackgroundStatusBar.swift */,
				7E6A772B2982F07C0075D58A /* UITextField + addBottomBorder.swift */,
			);
			path = Extensions;
			sourceTree = "<group>";
		};
		AF5201F3BFB9CEA684C15B41 /* Pods */ = {
			isa = PBXGroup;
			children = (
				80FD84C32EFA7F3C8332D0C7 /* Pods-TodoList.debug.xcconfig */,
				FCF197553572AEFB2A47A33B /* Pods-TodoList.release.xcconfig */,
			);
			path = Pods;
			sourceTree = "<group>";
		};
/* End PBXGroup section */

/* Begin PBXNativeTarget section */
		7E1C4D2E297DB46E0014C273 /* TodoList */ = {
			isa = PBXNativeTarget;
			buildConfigurationList = 7E1C4D43297DB4700014C273 /* Build configuration list for PBXNativeTarget "TodoList" */;
			buildPhases = (
				2913CEF561A1A997587DBC02 /* [CP] Check Pods Manifest.lock */,
				7E1C4D2B297DB46E0014C273 /* Sources */,
				7E1C4D2C297DB46E0014C273 /* Frameworks */,
				7E1C4D2D297DB46E0014C273 /* Resources */,
				46C730C4C80EC7432A75DBAD /* [CP] Embed Pods Frameworks */,
			);
			buildRules = (
			);
			dependencies = (
			);
			name = TodoList;
			productName = TodoList;
			productReference = 7E1C4D2F297DB46E0014C273 /* TodoList.app */;
			productType = "com.apple.product-type.application";
		};
/* End PBXNativeTarget section */

/* Begin PBXProject section */
		7E1C4D27297DB46E0014C273 /* Project object */ = {
			isa = PBXProject;
			attributes = {
				BuildIndependentTargetsInParallel = 1;
				LastSwiftUpdateCheck = 1410;
				LastUpgradeCheck = 1410;
				TargetAttributes = {
					7E1C4D2E297DB46E0014C273 = {
						CreatedOnToolsVersion = 14.1;
					};
				};
			};
			buildConfigurationList = 7E1C4D2A297DB46E0014C273 /* Build configuration list for PBXProject "TodoList" */;
			compatibilityVersion = "Xcode 14.0";
			developmentRegion = en;
			hasScannedForEncodings = 0;
			knownRegions = (
				en,
				Base,
			);
			mainGroup = 7E1C4D26297DB46E0014C273;
			productRefGroup = 7E1C4D30297DB46E0014C273 /* Products */;
			projectDirPath = "";
			projectRoot = "";
			targets = (
				7E1C4D2E297DB46E0014C273 /* TodoList */,
			);
		};
/* End PBXProject section */

/* Begin PBXResourcesBuildPhase section */
		7E1C4D2D297DB46E0014C273 /* Resources */ = {
			isa = PBXResourcesBuildPhase;
			buildActionMask = 2147483647;
			files = (
				7E1C4D3F297DB4700014C273 /* LaunchScreen.storyboard in Resources */,
				7E792B7D2989623700C9098D /* ToDoCell.xib in Resources */,
				7E7F3EFE297EE95000AC706E /* GoogleService-Info.plist in Resources */,
				7E1C4D3C297DB4700014C273 /* Assets.xcassets in Resources */,
				7E1C4D3A297DB46E0014C273 /* Main.storyboard in Resources */,
			);
			runOnlyForDeploymentPostprocessing = 0;
		};
/* End PBXResourcesBuildPhase section */

/* Begin PBXShellScriptBuildPhase section */
		2913CEF561A1A997587DBC02 /* [CP] Check Pods Manifest.lock */ = {
			isa = PBXShellScriptBuildPhase;
			buildActionMask = 2147483647;
			files = (
			);
			inputFileListPaths = (
			);
			inputPaths = (
				"${PODS_PODFILE_DIR_PATH}/Podfile.lock",
				"${PODS_ROOT}/Manifest.lock",
			);
			name = "[CP] Check Pods Manifest.lock";
			outputFileListPaths = (
			);
			outputPaths = (
				"$(DERIVED_FILE_DIR)/Pods-TodoList-checkManifestLockResult.txt",
			);
			runOnlyForDeploymentPostprocessing = 0;
			shellPath = /bin/sh;
			shellScript = "diff \"${PODS_PODFILE_DIR_PATH}/Podfile.lock\" \"${PODS_ROOT}/Manifest.lock\" > /dev/null\nif [ $? != 0 ] ; then\n    # print error to STDERR\n    echo \"error: The sandbox is not in sync with the Podfile.lock. Run 'pod install' or update your CocoaPods installation.\" >&2\n    exit 1\nfi\n# This output is used by Xcode 'outputs' to avoid re-running this script phase.\necho \"SUCCESS\" > \"${SCRIPT_OUTPUT_FILE_0}\"\n";
			showEnvVarsInLog = 0;
		};
		46C730C4C80EC7432A75DBAD /* [CP] Embed Pods Frameworks */ = {
			isa = PBXShellScriptBuildPhase;
			buildActionMask = 2147483647;
			files = (
			);
			inputFileListPaths = (
				"${PODS_ROOT}/Target Support Files/Pods-TodoList/Pods-TodoList-frameworks-${CONFIGURATION}-input-files.xcfilelist",
			);
			name = "[CP] Embed Pods Frameworks";
			outputFileListPaths = (
				"${PODS_ROOT}/Target Support Files/Pods-TodoList/Pods-TodoList-frameworks-${CONFIGURATION}-output-files.xcfilelist",
			);
			runOnlyForDeploymentPostprocessing = 0;
			shellPath = /bin/sh;
			shellScript = "\"${PODS_ROOT}/Target Support Files/Pods-TodoList/Pods-TodoList-frameworks.sh\"\n";
			showEnvVarsInLog = 0;
		};
/* End PBXShellScriptBuildPhase section */

/* Begin PBXSourcesBuildPhase section */
		7E1C4D2B297DB46E0014C273 /* Sources */ = {
			isa = PBXSourcesBuildPhase;
			buildActionMask = 2147483647;
			files = (
				7E1C4D37297DB46E0014C273 /* SignUpVC.swift in Sources */,
				7E89A64F29883C00003B630E /* UIView + ShowIndicator.swift in Sources */,
				7E93127F298594EC00A5538C /* ToDoListsVC.swift in Sources */,
				7EEE56D729843B9000519ABC /* UIViewController + Alert.swift in Sources */,
				7E792B7C2989623700C9098D /* ToDoCell.swift in Sources */,
				7EEE56D3298431C100519ABC /* UserFireBaseManager.swift in Sources */,
				7E721CA9297F11E900F44D06 /* UIViewController + BackgroundStatusBar.swift in Sources */,
				7E89A64D29882C8B003B630E /* ToDoFirebaseManager.swift in Sources */,
				7EEE56DB298447FD00519ABC /* SignInVC.swift in Sources */,
				7E9312812985A96D00A5538C /* AddToDoVC.swift in Sources */,
				7E1C4D33297DB46E0014C273 /* AppDelegate.swift in Sources */,
				7EEE56D52984322800519ABC /* ValidtionDataManager.swift in Sources */,
				7E6A772C2982F07C0075D58A /* UITextField + addBottomBorder.swift in Sources */,
				7E1C4D52297DB9D90014C273 /* Todo.swift in Sources */,
				7EEE56D929843C0E00519ABC /* Constants.swift in Sources */,
			);
			runOnlyForDeploymentPostprocessing = 0;
		};
/* End PBXSourcesBuildPhase section */

/* Begin PBXVariantGroup section */
		7E1C4D38297DB46E0014C273 /* Main.storyboard */ = {
			isa = PBXVariantGroup;
			children = (
				7E1C4D39297DB46E0014C273 /* Base */,
			);
			name = Main.storyboard;
			sourceTree = "<group>";
		};
		7E1C4D3D297DB4700014C273 /* LaunchScreen.storyboard */ = {
			isa = PBXVariantGroup;
			children = (
				7E1C4D3E297DB4700014C273 /* Base */,
			);
			name = LaunchScreen.storyboard;
			sourceTree = "<group>";
		};
/* End PBXVariantGroup section */

/* Begin XCBuildConfiguration section */
		7E1C4D41297DB4700014C273 /* Debug */ = {
			isa = XCBuildConfiguration;
			buildSettings = {
				ALWAYS_SEARCH_USER_PATHS = NO;
				CLANG_ANALYZER_NONNULL = YES;
				CLANG_ANALYZER_NUMBER_OBJECT_CONVERSION = YES_AGGRESSIVE;
				CLANG_CXX_LANGUAGE_STANDARD = "gnu++20";
				CLANG_ENABLE_MODULES = YES;
				CLANG_ENABLE_OBJC_ARC = YES;
				CLANG_ENABLE_OBJC_WEAK = YES;
				CLANG_WARN_BLOCK_CAPTURE_AUTORELEASING = YES;
				CLANG_WARN_BOOL_CONVERSION = YES;
				CLANG_WARN_COMMA = YES;
				CLANG_WARN_CONSTANT_CONVERSION = YES;
				CLANG_WARN_DEPRECATED_OBJC_IMPLEMENTATIONS = YES;
				CLANG_WARN_DIRECT_OBJC_ISA_USAGE = YES_ERROR;
				CLANG_WARN_DOCUMENTATION_COMMENTS = YES;
				CLANG_WARN_EMPTY_BODY = YES;
				CLANG_WARN_ENUM_CONVERSION = YES;
				CLANG_WARN_INFINITE_RECURSION = YES;
				CLANG_WARN_INT_CONVERSION = YES;
				CLANG_WARN_NON_LITERAL_NULL_CONVERSION = YES;
				CLANG_WARN_OBJC_IMPLICIT_RETAIN_SELF = YES;
				CLANG_WARN_OBJC_LITERAL_CONVERSION = YES;
				CLANG_WARN_OBJC_ROOT_CLASS = YES_ERROR;
				CLANG_WARN_QUOTED_INCLUDE_IN_FRAMEWORK_HEADER = YES;
				CLANG_WARN_RANGE_LOOP_ANALYSIS = YES;
				CLANG_WARN_STRICT_PROTOTYPES = YES;
				CLANG_WARN_SUSPICIOUS_MOVE = YES;
				CLANG_WARN_UNGUARDED_AVAILABILITY = YES_AGGRESSIVE;
				CLANG_WARN_UNREACHABLE_CODE = YES;
				CLANG_WARN__DUPLICATE_METHOD_MATCH = YES;
				COPY_PHASE_STRIP = NO;
				DEBUG_INFORMATION_FORMAT = dwarf;
				ENABLE_STRICT_OBJC_MSGSEND = YES;
				ENABLE_TESTABILITY = YES;
				GCC_C_LANGUAGE_STANDARD = gnu11;
				GCC_DYNAMIC_NO_PIC = NO;
				GCC_NO_COMMON_BLOCKS = YES;
				GCC_OPTIMIZATION_LEVEL = 0;
				GCC_PREPROCESSOR_DEFINITIONS = (
					"DEBUG=1",
					"$(inherited)",
				);
				GCC_WARN_64_TO_32_BIT_CONVERSION = YES;
				GCC_WARN_ABOUT_RETURN_TYPE = YES_ERROR;
				GCC_WARN_UNDECLARED_SELECTOR = YES;
				GCC_WARN_UNINITIALIZED_AUTOS = YES_AGGRESSIVE;
				GCC_WARN_UNUSED_FUNCTION = YES;
				GCC_WARN_UNUSED_VARIABLE = YES;
				IPHONEOS_DEPLOYMENT_TARGET = 13.0;
				MTL_ENABLE_DEBUG_INFO = INCLUDE_SOURCE;
				MTL_FAST_MATH = YES;
				ONLY_ACTIVE_ARCH = YES;
				SDKROOT = iphoneos;
				SWIFT_ACTIVE_COMPILATION_CONDITIONS = DEBUG;
				SWIFT_OPTIMIZATION_LEVEL = "-Onone";
			};
			name = Debug;
		};
		7E1C4D42297DB4700014C273 /* Release */ = {
			isa = XCBuildConfiguration;
			buildSettings = {
				ALWAYS_SEARCH_USER_PATHS = NO;
				CLANG_ANALYZER_NONNULL = YES;
				CLANG_ANALYZER_NUMBER_OBJECT_CONVERSION = YES_AGGRESSIVE;
				CLANG_CXX_LANGUAGE_STANDARD = "gnu++20";
				CLANG_ENABLE_MODULES = YES;
				CLANG_ENABLE_OBJC_ARC = YES;
				CLANG_ENABLE_OBJC_WEAK = YES;
				CLANG_WARN_BLOCK_CAPTURE_AUTORELEASING = YES;
				CLANG_WARN_BOOL_CONVERSION = YES;
				CLANG_WARN_COMMA = YES;
				CLANG_WARN_CONSTANT_CONVERSION = YES;
				CLANG_WARN_DEPRECATED_OBJC_IMPLEMENTATIONS = YES;
				CLANG_WARN_DIRECT_OBJC_ISA_USAGE = YES_ERROR;
				CLANG_WARN_DOCUMENTATION_COMMENTS = YES;
				CLANG_WARN_EMPTY_BODY = YES;
				CLANG_WARN_ENUM_CONVERSION = YES;
				CLANG_WARN_INFINITE_RECURSION = YES;
				CLANG_WARN_INT_CONVERSION = YES;
				CLANG_WARN_NON_LITERAL_NULL_CONVERSION = YES;
				CLANG_WARN_OBJC_IMPLICIT_RETAIN_SELF = YES;
				CLANG_WARN_OBJC_LITERAL_CONVERSION = YES;
				CLANG_WARN_OBJC_ROOT_CLASS = YES_ERROR;
				CLANG_WARN_QUOTED_INCLUDE_IN_FRAMEWORK_HEADER = YES;
				CLANG_WARN_RANGE_LOOP_ANALYSIS = YES;
				CLANG_WARN_STRICT_PROTOTYPES = YES;
				CLANG_WARN_SUSPICIOUS_MOVE = YES;
				CLANG_WARN_UNGUARDED_AVAILABILITY = YES_AGGRESSIVE;
				CLANG_WARN_UNREACHABLE_CODE = YES;
				CLANG_WARN__DUPLICATE_METHOD_MATCH = YES;
				COPY_PHASE_STRIP = NO;
				DEBUG_INFORMATION_FORMAT = "dwarf-with-dsym";
				ENABLE_NS_ASSERTIONS = NO;
				ENABLE_STRICT_OBJC_MSGSEND = YES;
				GCC_C_LANGUAGE_STANDARD = gnu11;
				GCC_NO_COMMON_BLOCKS = YES;
				GCC_WARN_64_TO_32_BIT_CONVERSION = YES;
				GCC_WARN_ABOUT_RETURN_TYPE = YES_ERROR;
				GCC_WARN_UNDECLARED_SELECTOR = YES;
				GCC_WARN_UNINITIALIZED_AUTOS = YES_AGGRESSIVE;
				GCC_WARN_UNUSED_FUNCTION = YES;
				GCC_WARN_UNUSED_VARIABLE = YES;
				IPHONEOS_DEPLOYMENT_TARGET = 13.0;
				MTL_ENABLE_DEBUG_INFO = NO;
				MTL_FAST_MATH = YES;
				SDKROOT = iphoneos;
				SWIFT_COMPILATION_MODE = wholemodule;
				SWIFT_OPTIMIZATION_LEVEL = "-O";
				VALIDATE_PRODUCT = YES;
			};
			name = Release;
		};
		7E1C4D44297DB4700014C273 /* Debug */ = {
			isa = XCBuildConfiguration;
			baseConfigurationReference = 80FD84C32EFA7F3C8332D0C7 /* Pods-TodoList.debug.xcconfig */;
			buildSettings = {
				ASSETCATALOG_COMPILER_APPICON_NAME = AppIcon;
				ASSETCATALOG_COMPILER_GLOBAL_ACCENT_COLOR_NAME = AccentColor;
				CODE_SIGN_STYLE = Automatic;
				CURRENT_PROJECT_VERSION = 1;
				GENERATE_INFOPLIST_FILE = YES;
				INFOPLIST_FILE = TodoList/Info.plist;
				INFOPLIST_KEY_UIApplicationSupportsIndirectInputEvents = YES;
				INFOPLIST_KEY_UILaunchStoryboardName = LaunchScreen;
				INFOPLIST_KEY_UIMainStoryboardFile = Main;
				INFOPLIST_KEY_UIStatusBarStyle = UIStatusBarStyleLightContent;
				INFOPLIST_KEY_UISupportedInterfaceOrientations_iPad = "UIInterfaceOrientationPortrait UIInterfaceOrientationPortraitUpsideDown UIInterfaceOrientationLandscapeLeft UIInterfaceOrientationLandscapeRight";
				INFOPLIST_KEY_UISupportedInterfaceOrientations_iPhone = "UIInterfaceOrientationPortrait UIInterfaceOrientationLandscapeLeft UIInterfaceOrientationLandscapeRight";
				IPHONEOS_DEPLOYMENT_TARGET = 13.0;
				LD_RUNPATH_SEARCH_PATHS = (
					"$(inherited)",
					"@executable_path/Frameworks",
				);
				MARKETING_VERSION = 1.0;
				PRODUCT_BUNDLE_IDENTIFIER = com.tolba.TodoList;
				PRODUCT_NAME = "$(TARGET_NAME)";
				SWIFT_EMIT_LOC_STRINGS = YES;
				SWIFT_VERSION = 5.0;
				TARGETED_DEVICE_FAMILY = "1,2";
			};
			name = Debug;
		};
		7E1C4D45297DB4700014C273 /* Release */ = {
			isa = XCBuildConfiguration;
			baseConfigurationReference = FCF197553572AEFB2A47A33B /* Pods-TodoList.release.xcconfig */;
			buildSettings = {
				ASSETCATALOG_COMPILER_APPICON_NAME = AppIcon;
				ASSETCATALOG_COMPILER_GLOBAL_ACCENT_COLOR_NAME = AccentColor;
				CODE_SIGN_STYLE = Automatic;
				CURRENT_PROJECT_VERSION = 1;
				GENERATE_INFOPLIST_FILE = YES;
				INFOPLIST_FILE = TodoList/Info.plist;
				INFOPLIST_KEY_UIApplicationSupportsIndirectInputEvents = YES;
				INFOPLIST_KEY_UILaunchStoryboardName = LaunchScreen;
				INFOPLIST_KEY_UIMainStoryboardFile = Main;
				INFOPLIST_KEY_UIStatusBarStyle = UIStatusBarStyleLightContent;
				INFOPLIST_KEY_UISupportedInterfaceOrientations_iPad = "UIInterfaceOrientationPortrait UIInterfaceOrientationPortraitUpsideDown UIInterfaceOrientationLandscapeLeft UIInterfaceOrientationLandscapeRight";
				INFOPLIST_KEY_UISupportedInterfaceOrientations_iPhone = "UIInterfaceOrientationPortrait UIInterfaceOrientationLandscapeLeft UIInterfaceOrientationLandscapeRight";
				IPHONEOS_DEPLOYMENT_TARGET = 13.0;
				LD_RUNPATH_SEARCH_PATHS = (
					"$(inherited)",
					"@executable_path/Frameworks",
				);
				MARKETING_VERSION = 1.0;
				PRODUCT_BUNDLE_IDENTIFIER = com.tolba.TodoList;
				PRODUCT_NAME = "$(TARGET_NAME)";
				SWIFT_EMIT_LOC_STRINGS = YES;
				SWIFT_VERSION = 5.0;
				TARGETED_DEVICE_FAMILY = "1,2";
			};
			name = Release;
		};
/* End XCBuildConfiguration section */

/* Begin XCConfigurationList section */
		7E1C4D2A297DB46E0014C273 /* Build configuration list for PBXProject "TodoList" */ = {
			isa = XCConfigurationList;
			buildConfigurations = (
				7E1C4D41297DB4700014C273 /* Debug */,
				7E1C4D42297DB4700014C273 /* Release */,
			);
			defaultConfigurationIsVisible = 0;
			defaultConfigurationName = Release;
		};
		7E1C4D43297DB4700014C273 /* Build configuration list for PBXNativeTarget "TodoList" */ = {
			isa = XCConfigurationList;
			buildConfigurations = (
				7E1C4D44297DB4700014C273 /* Debug */,
				7E1C4D45297DB4700014C273 /* Release */,
			);
			defaultConfigurationIsVisible = 0;
			defaultConfigurationName = Release;
		};
/* End XCConfigurationList section */
	};
	rootObject = 7E1C4D27297DB46E0014C273 /* Project object */;
}
